
Microsoft Visual Studio Solution File, Format Version 12.00
# Visual Studio Version 17
VisualStudioVersion = 17.3.32929.385
MinimumVisualStudioVersion = 10.0.40219.1
Project("{FAE04EC0-301F-11D3-BF4B-00C04F79EFBC}") = "DateMicrosoft", "DateMicrosoft\DateMicrosoft.csproj", "{A6FD1042-5AF0-44D7-B788-88FDF972C59F}"
EndProject
Global
	GlobalSection(SolutionConfigurationPlatforms) = preSolution
		Debug|Any CPU = Debug|Any CPU
		Release|Any CPU = Release|Any CPU
	EndGlobalSection
	GlobalSection(ProjectConfigurationPlatforms) = postSolution
		{A6FD1042-5AF0-44D7-B788-88FDF972C59F}.Debug|Any CPU.ActiveCfg = Debug|Any CPU
		{A6FD1042-5AF0-44D7-B788-88FDF972C59F}.Debug|Any CPU.Build.0 = Debug|Any CPU
		{A6FD1042-5AF0-44D7-B788-88FDF972C59F}.Release|Any CPU.ActiveCfg = Release|Any CPU
		{A6FD1042-5AF0-44D7-B788-88FDF972C59F}.Release|Any CPU.Build.0 = Release|Any CPU
	EndGlobalSection
	GlobalSection(SolutionProperties) = preSolution
		HideSolutionNode = FALSE
	EndGlobalSection
	GlobalSection(ExtensibilityGlobals) = postSolution
		SolutionGuid = {8EF5A9E4-49F7-4424-8BF9-95EA111BDF5E}
	EndGlobalSection
EndGlobal
